// !$*UTF8*$!
{
	archiveVersion = 1;
	classes = {
	};
	objectVersion = 50;
	objects = {

/* Begin PBXBuildFile section */
		09E5E5FF25C960F2007F1540 /* ResourcePath.mm in Sources */ = {isa = PBXBuildFile; fileRef = 09E5E5FE25C960F2007F1540 /* ResourcePath.mm */; };
		09E5E60225C960F2007F1540 /* main.cpp in Sources */ = {isa = PBXBuildFile; fileRef = 09E5E60125C960F2007F1540 /* main.cpp */; };
		09E5E61725C967FC007F1540 /* BoardTiles.cpp in Sources */ = {isa = PBXBuildFile; fileRef = 09E5E61625C967FC007F1540 /* BoardTiles.cpp */; };
		09E5E62525C99928007F1540 /* whitePawn.png in Resources */ = {isa = PBXBuildFile; fileRef = 09E5E61925C99928007F1540 /* whitePawn.png */; };
		09E5E62625C99928007F1540 /* whiteRook.png in Resources */ = {isa = PBXBuildFile; fileRef = 09E5E61A25C99928007F1540 /* whiteRook.png */; };
		09E5E62725C99928007F1540 /* blackRook.png in Resources */ = {isa = PBXBuildFile; fileRef = 09E5E61B25C99928007F1540 /* blackRook.png */; };
		09E5E62825C99928007F1540 /* blackPawn.png in Resources */ = {isa = PBXBuildFile; fileRef = 09E5E61C25C99928007F1540 /* blackPawn.png */; };
		09E5E62925C99928007F1540 /* whiteKing.png in Resources */ = {isa = PBXBuildFile; fileRef = 09E5E61D25C99928007F1540 /* whiteKing.png */; };
		09E5E62A25C99928007F1540 /* blackQueen.png in Resources */ = {isa = PBXBuildFile; fileRef = 09E5E61E25C99928007F1540 /* blackQueen.png */; };
		09E5E62B25C99928007F1540 /* blackKing.png in Resources */ = {isa = PBXBuildFile; fileRef = 09E5E61F25C99928007F1540 /* blackKing.png */; };
		09E5E62C25C99928007F1540 /* blackKnight.png in Resources */ = {isa = PBXBuildFile; fileRef = 09E5E62025C99928007F1540 /* blackKnight.png */; };
		09E5E62D25C99928007F1540 /* blackBishop.png in Resources */ = {isa = PBXBuildFile; fileRef = 09E5E62125C99928007F1540 /* blackBishop.png */; };
		09E5E62E25C99928007F1540 /* whiteBishop.png in Resources */ = {isa = PBXBuildFile; fileRef = 09E5E62225C99928007F1540 /* whiteBishop.png */; };
		09E5E62F25C99928007F1540 /* whiteKnight.png in Resources */ = {isa = PBXBuildFile; fileRef = 09E5E62325C99928007F1540 /* whiteKnight.png */; };
		09E5E63025C99928007F1540 /* whiteQueen.png in Resources */ = {isa = PBXBuildFile; fileRef = 09E5E62425C99928007F1540 /* whiteQueen.png */; };
/* End PBXBuildFile section */

/* Begin PBXFileReference section */
		09E5E5F925C960F2007F1540 /* chess.app */ = {isa = PBXFileReference; explicitFileType = wrapper.application; includeInIndex = 0; path = chess.app; sourceTree = BUILT_PRODUCTS_DIR; };
		09E5E5FD25C960F2007F1540 /* chess-Info.plist */ = {isa = PBXFileReference; lastKnownFileType = text.plist.xml; name = "chess-Info.plist"; path = "../chess-Info.plist"; sourceTree = "<group>"; };
		09E5E5FE25C960F2007F1540 /* ResourcePath.mm */ = {isa = PBXFileReference; lastKnownFileType = sourcecode.cpp.objcpp; path = ResourcePath.mm; sourceTree = "<group>"; };
		09E5E60025C960F2007F1540 /* ResourcePath.hpp */ = {isa = PBXFileReference; lastKnownFileType = sourcecode.cpp.h; path = ResourcePath.hpp; sourceTree = "<group>"; };
		09E5E60125C960F2007F1540 /* main.cpp */ = {isa = PBXFileReference; lastKnownFileType = sourcecode.cpp.cpp; path = main.cpp; sourceTree = "<group>"; };
		09E5E61325C9674E007F1540 /* BoardTiles.hpp */ = {isa = PBXFileReference; lastKnownFileType = sourcecode.cpp.h; path = BoardTiles.hpp; sourceTree = "<group>"; };
		09E5E61625C967FC007F1540 /* BoardTiles.cpp */ = {isa = PBXFileReference; lastKnownFileType = sourcecode.cpp.cpp; path = BoardTiles.cpp; sourceTree = "<group>"; };
		09E5E61925C99928007F1540 /* whitePawn.png */ = {isa = PBXFileReference; lastKnownFileType = image.png; path = whitePawn.png; sourceTree = "<group>"; };
		09E5E61A25C99928007F1540 /* whiteRook.png */ = {isa = PBXFileReference; lastKnownFileType = image.png; path = whiteRook.png; sourceTree = "<group>"; };
		09E5E61B25C99928007F1540 /* blackRook.png */ = {isa = PBXFileReference; lastKnownFileType = image.png; path = blackRook.png; sourceTree = "<group>"; };
		09E5E61C25C99928007F1540 /* blackPawn.png */ = {isa = PBXFileReference; lastKnownFileType = image.png; path = blackPawn.png; sourceTree = "<group>"; };
		09E5E61D25C99928007F1540 /* whiteKing.png */ = {isa = PBXFileReference; lastKnownFileType = image.png; path = whiteKing.png; sourceTree = "<group>"; };
		09E5E61E25C99928007F1540 /* blackQueen.png */ = {isa = PBXFileReference; lastKnownFileType = image.png; path = blackQueen.png; sourceTree = "<group>"; };
		09E5E61F25C99928007F1540 /* blackKing.png */ = {isa = PBXFileReference; lastKnownFileType = image.png; path = blackKing.png; sourceTree = "<group>"; };
		09E5E62025C99928007F1540 /* blackKnight.png */ = {isa = PBXFileReference; lastKnownFileType = image.png; path = blackKnight.png; sourceTree = "<group>"; };
		09E5E62125C99928007F1540 /* blackBishop.png */ = {isa = PBXFileReference; lastKnownFileType = image.png; path = blackBishop.png; sourceTree = "<group>"; };
		09E5E62225C99928007F1540 /* whiteBishop.png */ = {isa = PBXFileReference; lastKnownFileType = image.png; path = whiteBishop.png; sourceTree = "<group>"; };
		09E5E62325C99928007F1540 /* whiteKnight.png */ = {isa = PBXFileReference; lastKnownFileType = image.png; path = whiteKnight.png; sourceTree = "<group>"; };
		09E5E62425C99928007F1540 /* whiteQueen.png */ = {isa = PBXFileReference; lastKnownFileType = image.png; path = whiteQueen.png; sourceTree = "<group>"; };
		09E5E63225C99D73007F1540 /* Piece.h */ = {isa = PBXFileReference; lastKnownFileType = sourcecode.c.h; path = Piece.h; sourceTree = "<group>"; };
/* End PBXFileReference section */

/* Begin PBXFrameworksBuildPhase section */
		09E5E5F525C960F2007F1540 /* Frameworks */ = {
			isa = PBXFrameworksBuildPhase;
			buildActionMask = 2147483647;
			files = (
			);
			runOnlyForDeploymentPostprocessing = 0;
		};
/* End PBXFrameworksBuildPhase section */

/* Begin PBXGroup section */
		09E5E5EF25C960F2007F1540 = {
			isa = PBXGroup;
			children = (
				09E5E5FB25C960F2007F1540 /* chess */,
				09E5E5FA25C960F2007F1540 /* Products */,
			);
			sourceTree = "<group>";
		};
		09E5E5FA25C960F2007F1540 /* Products */ = {
			isa = PBXGroup;
			children = (
				09E5E5F925C960F2007F1540 /* chess.app */,
			);
			name = Products;
			sourceTree = "<group>";
		};
		09E5E5FB25C960F2007F1540 /* chess */ = {
			isa = PBXGroup;
			children = (
				09E5E61525C967D6007F1540 /* Classes */,
				09E5E5FE25C960F2007F1540 /* ResourcePath.mm */,
				09E5E60025C960F2007F1540 /* ResourcePath.hpp */,
				09E5E60125C960F2007F1540 /* main.cpp */,
				09E5E60325C960F2007F1540 /* Resources */,
				09E5E5FC25C960F2007F1540 /* Supporting Files */,
			);
			path = chess;
			sourceTree = "<group>";
		};
		09E5E5FC25C960F2007F1540 /* Supporting Files */ = {
			isa = PBXGroup;
			children = (
				09E5E5FD25C960F2007F1540 /* chess-Info.plist */,
			);
			path = "Supporting Files";
			sourceTree = "<group>";
		};
		09E5E60325C960F2007F1540 /* Resources */ = {
			isa = PBXGroup;
			children = (
				09E5E62125C99928007F1540 /* blackBishop.png */,
				09E5E61F25C99928007F1540 /* blackKing.png */,
				09E5E62025C99928007F1540 /* blackKnight.png */,
				09E5E61C25C99928007F1540 /* blackPawn.png */,
				09E5E61E25C99928007F1540 /* blackQueen.png */,
				09E5E61B25C99928007F1540 /* blackRook.png */,
				09E5E62225C99928007F1540 /* whiteBishop.png */,
				09E5E61D25C99928007F1540 /* whiteKing.png */,
				09E5E62325C99928007F1540 /* whiteKnight.png */,
				09E5E61925C99928007F1540 /* whitePawn.png */,
				09E5E62425C99928007F1540 /* whiteQueen.png */,
				09E5E61A25C99928007F1540 /* whiteRook.png */,
			);
			path = Resources;
			sourceTree = "<group>";
		};
		09E5E61525C967D6007F1540 /* Classes */ = {
			isa = PBXGroup;
			children = (
				09E5E61325C9674E007F1540 /* BoardTiles.hpp */,
				09E5E61625C967FC007F1540 /* BoardTiles.cpp */,
				09E5E63225C99D73007F1540 /* Piece.h */,
			);
			path = Classes;
			sourceTree = "<group>";
		};
/* End PBXGroup section */

/* Begin PBXNativeTarget section */
		09E5E5F825C960F2007F1540 /* chess */ = {
			isa = PBXNativeTarget;
			buildConfigurationList = 09E5E60E25C960F2007F1540 /* Build configuration list for PBXNativeTarget "chess" */;
			buildPhases = (
				09E5E5F425C960F2007F1540 /* Sources */,
				09E5E5F525C960F2007F1540 /* Frameworks */,
				09E5E5F625C960F2007F1540 /* Resources */,
				09E5E5F725C960F2007F1540 /* ShellScript */,
			);
			buildRules = (
			);
			dependencies = (
			);
			name = chess;
			productName = chess;
			productReference = 09E5E5F925C960F2007F1540 /* chess.app */;
			productType = "com.apple.product-type.application";
		};
/* End PBXNativeTarget section */

/* Begin PBXProject section */
		09E5E5F025C960F2007F1540 /* Project object */ = {
			isa = PBXProject;
			attributes = {
				LastUpgradeCheck = 1240;
				ORGANIZATIONNAME = "Yousif Alebyary";
				TargetAttributes = {
					09E5E5F825C960F2007F1540 = {
						CreatedOnToolsVersion = 12.4;
					};
				};
			};
			buildConfigurationList = 09E5E5F325C960F2007F1540 /* Build configuration list for PBXProject "chess" */;
			compatibilityVersion = "Xcode 9.3";
			developmentRegion = en;
			hasScannedForEncodings = 0;
			knownRegions = (
				en,
				Base,
			);
			mainGroup = 09E5E5EF25C960F2007F1540;
			productRefGroup = 09E5E5FA25C960F2007F1540 /* Products */;
			projectDirPath = "";
			projectRoot = "";
			targets = (
				09E5E5F825C960F2007F1540 /* chess */,
			);
		};
/* End PBXProject section */

/* Begin PBXResourcesBuildPhase section */
		09E5E5F625C960F2007F1540 /* Resources */ = {
			isa = PBXResourcesBuildPhase;
			buildActionMask = 2147483647;
			files = (
				09E5E63025C99928007F1540 /* whiteQueen.png in Resources */,
				09E5E62F25C99928007F1540 /* whiteKnight.png in Resources */,
				09E5E62D25C99928007F1540 /* blackBishop.png in Resources */,
				09E5E62925C99928007F1540 /* whiteKing.png in Resources */,
				09E5E62B25C99928007F1540 /* blackKing.png in Resources */,
				09E5E62E25C99928007F1540 /* whiteBishop.png in Resources */,
				09E5E62725C99928007F1540 /* blackRook.png in Resources */,
				09E5E62A25C99928007F1540 /* blackQueen.png in Resources */,
				09E5E62825C99928007F1540 /* blackPawn.png in Resources */,
				09E5E62C25C99928007F1540 /* blackKnight.png in Resources */,
				09E5E62525C99928007F1540 /* whitePawn.png in Resources */,
				09E5E62625C99928007F1540 /* whiteRook.png in Resources */,
			);
			runOnlyForDeploymentPostprocessing = 0;
		};
/* End PBXResourcesBuildPhase section */

/* Begin PBXShellScriptBuildPhase section */
		09E5E5F725C960F2007F1540 /* ShellScript */ = {
			isa = PBXShellScriptBuildPhase;
			buildActionMask = 8;
			files = (
			);
			inputFileListPaths = (
			);
			inputPaths = (
			);
			outputFileListPaths = (
			);
			outputPaths = (
			);
			runOnlyForDeploymentPostprocessing = 1;
			shellPath = /bin/sh;
			shellScript = "# This shell script simply copies required SFML dylibs/frameworks into the application bundle frameworks folder.\n# If you're using static libraries (which is not recommended) you should remove this script from your project.\n\n# SETTINGS\nSFML_DEPENDENCIES_INSTALL_PREFIX=\"/Users/SFML/Desktop/packaging/tmp/install/Library/Frameworks\"\nCMAKE_INSTALL_FRAMEWORK_PREFIX=\"/Users/SFML/Desktop/packaging/tmp/install/Library/Frameworks\"\nCMAKE_INSTALL_LIB_PREFIX=\"/Users/SFML/Desktop/packaging/tmp/install/Library/Frameworks/lib\"\nFRAMEWORKS_FULL_PATH=\"$BUILT_PRODUCTS_DIR/$FRAMEWORKS_FOLDER_PATH/\"\n\n# Are we building a project that uses frameworks or dylibs?\ncase \"$SFML_BINARY_TYPE\" in\n    DYLIBS)\n        frameworks=\"false\"\n        ;;\n    *)\n        frameworks=\"true\"\n        ;;\nesac\n\n# Echoes to stderr\nerror () # $* message to display\n{\n    echo $* 1>&2\n    exit 2\n}\n\nassert () # $1 is a boolean, $2...N is an error message\n{\n    if [ $# -lt 2 ]\n    then\n        error \"Internal error in assert: not enough args\"\n    fi\n\n    if [ $1 -ne 0 ]\n    then\n        shift\n        error \"$*\"\n    fi\n}\n\nforce_remove () # $@ is some paths\n{\n    test $# -ge 1\n    assert $? \"force_remove() requires at least one parameter\"\n    rm -fr $@\n    assert $? \"couldn't remove $@\"\n}\n\ncopy () # $1 is a source, $2 is a destination\n{\n    test $# -eq 2\n    assert $? \"copy() requires two parameters\"\n    ditto \"$1\" \"$2\"\n    assert $? \"couldn't copy $1 to $2\"\n}\n\nrequire () # $1 is a SFML module like 'system' or 'audio'\n{\n    dest=\"$BUILT_PRODUCTS_DIR/$FRAMEWORKS_FOLDER_PATH/\"\n\n    if [ -z \"$1\" ]\n    then\n        error \"require() requires one parameter!\"\n    else\n        # clean potentially old stuff\n        force_remove \"$dest/libsfml-$1\"*\n        force_remove \"$dest/sfml-$1.framework\"\n\n        # copy SFML libraries\n        if [ \"$frameworks\" = \"true\" ]\n        then\n            source=\"$CMAKE_INSTALL_FRAMEWORK_PREFIX/sfml-$1.framework\"\n            target=\"sfml-$1.framework\"\n        elif [ \"$SFML_LINK_DYLIBS_SUFFIX\" = \"-d\" ]\n        then\n            source=\"$CMAKE_INSTALL_LIB_PREFIX/libsfml-$1-d.dylib\"\n            target=\"`readlink $source`\"\n        else\n            source=\"$CMAKE_INSTALL_LIB_PREFIX/libsfml-$1.dylib\"\n            target=\"`readlink $source`\"\n        fi\n\n        copy \"$source\" \"$dest/$target\"\n\n        # copy extra dependencies\n        if [ \"$1\" = \"audio\" ]\n        then\n            # copy \"FLAC\" \"ogg\" \"vorbis\" \"vorbisenc\" \"vorbisfile\" \"OpenAL\" frameworks too\n            for f in \"FLAC\" \"ogg\" \"vorbis\" \"vorbisenc\" \"vorbisfile\" \"OpenAL\"\n            do\n                copy \"$SFML_DEPENDENCIES_INSTALL_PREFIX/$f.framework\" \"$dest/$f.framework\"\n            done\n        elif [ \"$1\" = \"graphics\" ]\n        then\n            copy \"$SFML_DEPENDENCIES_INSTALL_PREFIX/freetype.framework\" \"$dest/freetype.framework\"\n        fi\n    fi\n}\n\nif [ -n \"$SFML_SYSTEM\" ]\nthen\n    require \"system\"\nfi\n\nif [ -n \"$SFML_AUDIO\" ]\nthen\n    require \"audio\"\nfi\n\nif [ -n \"$SFML_NETWORK\" ]\nthen\n    require \"network\"\nfi\n\nif [ -n \"$SFML_WINDOW\" ]\nthen\n    require \"window\"\nfi\n\nif [ -n \"$SFML_GRAPHICS\" ]\nthen\n    require \"graphics\"\nfi\n\n                \n";
		};
/* End PBXShellScriptBuildPhase section */

/* Begin PBXSourcesBuildPhase section */
		09E5E5F425C960F2007F1540 /* Sources */ = {
			isa = PBXSourcesBuildPhase;
			buildActionMask = 2147483647;
			files = (
				09E5E61725C967FC007F1540 /* BoardTiles.cpp in Sources */,
				09E5E60225C960F2007F1540 /* main.cpp in Sources */,
				09E5E5FF25C960F2007F1540 /* ResourcePath.mm in Sources */,
			);
			runOnlyForDeploymentPostprocessing = 0;
		};
/* End PBXSourcesBuildPhase section */

/* Begin XCBuildConfiguration section */
		09E5E60C25C960F2007F1540 /* Debug */ = {
			isa = XCBuildConfiguration;
			buildSettings = {
				ARCHS = "$(NATIVE_ARCH_ACTUAL)";
				CLANG_CXX_LANGUAGE_STANDARD = "c++11";
				CLANG_CXX_LIBRARY = "libc++";
				FRAMEWORK_SEARCH_PATHS = (
					/Library/Frameworks/,
					"$(inherited)",
				);
				GCC_VERSION = com.apple.compilers.llvm.clang.1_0;
				HEADER_SEARCH_PATHS = (
					/usr/local/include/,
					"$(inherited)",
				);
				LIBRARY_SEARCH_PATHS = (
					/usr/local/lib/,
					"$(inherited)",
				);
				MACOSX_DEPLOYMENT_TARGET = 10.7;
				OTHER_LDFLAGS = (
					"$(inherited)",
					"$(SFML_SYSTEM)",
					"$(SFML_WINDOW)",
					"$(SFML_GRAPHICS)",
					"$(SFML_AUDIO)",
					"$(SFML_NETWORK)",
				);
				SFML_AUDIO = "$(SFML_LINK_PREFIX) sfml-audio$(SFML_LINK_SUFFIX)";
				SFML_BINARY_TYPE = FRAMEWORKS;
				SFML_GRAPHICS = "$(SFML_LINK_PREFIX) sfml-graphics$(SFML_LINK_SUFFIX)";
				SFML_LINK_DYLIBS_PREFIX = "-l";
				SFML_LINK_DYLIBS_SUFFIX = "";
				SFML_LINK_FRAMEWORKS_PREFIX = "-framework";
				SFML_LINK_FRAMEWORKS_SUFFIX = "";
				SFML_LINK_PREFIX = "$(SFML_LINK_$(SFML_BINARY_TYPE)_PREFIX)";
				SFML_LINK_SUFFIX = "$(SFML_LINK_$(SFML_BINARY_TYPE)_SUFFIX)";
				SFML_NETWORK = "$(SFML_LINK_PREFIX) sfml-network$(SFML_LINK_SUFFIX)";
				SFML_SYSTEM = "$(SFML_LINK_PREFIX) sfml-system$(SFML_LINK_SUFFIX)";
				SFML_WINDOW = "$(SFML_LINK_PREFIX) sfml-window$(SFML_LINK_SUFFIX)";
				SUPPORTED_PLATFORMS = macosx;
			};
			name = Debug;
		};
		09E5E60D25C960F2007F1540 /* Release */ = {
			isa = XCBuildConfiguration;
			buildSettings = {
				ARCHS = "$(NATIVE_ARCH_ACTUAL)";
				CLANG_CXX_LANGUAGE_STANDARD = "c++11";
				CLANG_CXX_LIBRARY = "libc++";
				FRAMEWORK_SEARCH_PATHS = (
					/Library/Frameworks/,
					"$(inherited)",
				);
				GCC_VERSION = com.apple.compilers.llvm.clang.1_0;
				HEADER_SEARCH_PATHS = (
					/usr/local/include/,
					"$(inherited)",
				);
				LIBRARY_SEARCH_PATHS = (
					/usr/local/lib/,
					"$(inherited)",
				);
				MACOSX_DEPLOYMENT_TARGET = 10.7;
				OTHER_LDFLAGS = (
					"$(inherited)",
					"$(SFML_SYSTEM)",
					"$(SFML_WINDOW)",
					"$(SFML_GRAPHICS)",
					"$(SFML_AUDIO)",
					"$(SFML_NETWORK)",
				);
				SFML_AUDIO = "$(SFML_LINK_PREFIX) sfml-audio$(SFML_LINK_SUFFIX)";
				SFML_BINARY_TYPE = FRAMEWORKS;
				SFML_GRAPHICS = "$(SFML_LINK_PREFIX) sfml-graphics$(SFML_LINK_SUFFIX)";
				SFML_LINK_DYLIBS_PREFIX = "-l";
				SFML_LINK_DYLIBS_SUFFIX = "";
				SFML_LINK_FRAMEWORKS_PREFIX = "-framework";
				SFML_LINK_FRAMEWORKS_SUFFIX = "";
				SFML_LINK_PREFIX = "$(SFML_LINK_$(SFML_BINARY_TYPE)_PREFIX)";
				SFML_LINK_SUFFIX = "$(SFML_LINK_$(SFML_BINARY_TYPE)_SUFFIX)";
				SFML_NETWORK = "$(SFML_LINK_PREFIX) sfml-network$(SFML_LINK_SUFFIX)";
				SFML_SYSTEM = "$(SFML_LINK_PREFIX) sfml-system$(SFML_LINK_SUFFIX)";
				SFML_WINDOW = "$(SFML_LINK_PREFIX) sfml-window$(SFML_LINK_SUFFIX)";
				SUPPORTED_PLATFORMS = macosx;
			};
			name = Release;
		};
		09E5E60F25C960F2007F1540 /* Debug */ = {
			isa = XCBuildConfiguration;
			buildSettings = {
				CODE_SIGN_STYLE = Automatic;
				INFOPLIST_FILE = "chess/chess-Info.plist";
				LD_RUNPATH_SEARCH_PATHS = "@loader_path/../Frameworks";
				PRODUCT_NAME = "$(TARGET_NAME)";
			};
			name = Debug;
		};
		09E5E61025C960F2007F1540 /* Release */ = {
			isa = XCBuildConfiguration;
			buildSettings = {
				CODE_SIGN_STYLE = Automatic;
				INFOPLIST_FILE = "chess/chess-Info.plist";
				LD_RUNPATH_SEARCH_PATHS = "@loader_path/../Frameworks";
				PRODUCT_NAME = "$(TARGET_NAME)";
			};
			name = Release;
		};
/* End XCBuildConfiguration section */

/* Begin XCConfigurationList section */
		09E5E5F325C960F2007F1540 /* Build configuration list for PBXProject "chess" */ = {
			isa = XCConfigurationList;
			buildConfigurations = (
				09E5E60C25C960F2007F1540 /* Debug */,
				09E5E60D25C960F2007F1540 /* Release */,
			);
			defaultConfigurationIsVisible = 0;
			defaultConfigurationName = Release;
		};
		09E5E60E25C960F2007F1540 /* Build configuration list for PBXNativeTarget "chess" */ = {
			isa = XCConfigurationList;
			buildConfigurations = (
				09E5E60F25C960F2007F1540 /* Debug */,
				09E5E61025C960F2007F1540 /* Release */,
			);
			defaultConfigurationIsVisible = 0;
			defaultConfigurationName = Release;
		};
/* End XCConfigurationList section */
	};
	rootObject = 09E5E5F025C960F2007F1540 /* Project object */;
}
